# This file is autogenerated, do not edit; changes may be undone by the next 'dep ensure'.


[[projects]]
  name = "github.com/beevik/ntp"
  packages = ["."]
  revision = "62c80a04de2086884d8296004b6d74ee1846c582"
  version = "v0.2.0"

[[projects]]
  name = "github.com/cjongseok/ntped"
  packages = ["."]
  revision = "13d71b4bba4751e4979172bd80d40be674b3c368"
  version = "v0.1.0"

[[projects]]
  name = "github.com/cjongseok/slog"
  packages = ["."]
  revision = "74a16795eab715a4e9e1cf66fa9ae9cb31b59583"

[[projects]]
  name = "github.com/montanaflynn/stats"
  packages = ["."]
  revision = "eeaced052adbcfeea372c749c281099ed7fdaa38"
  version = "0.2.0"

[[projects]]
  branch = "master"
  name = "golang.org/x/net"
  packages = ["bpf","internal/iana","internal/socket","ipv4"]
  revision = "d866cfc389cec985d6fda2859936a575a55a3ab6"

[solve-meta]
  analyzer-name = "dep"
  analyzer-version = 1
  inputs-digest = "efe83b130bb3ccfbdfe24f84c67eb168d893e0f7665faab3988e72feff011cb1"
  solver-name = "gps-cdcl"
  solver-version = 1
